// !$*UTF8*$!
{
	archiveVersion = 1;
	classes = {
	};
	objectVersion = 56;
	objects = {

/* Begin PBXBuildFile section */
		4CA5CEEF2AC1BF5B00D1CFBB /* CustomTextFieldExampleApp.swift in Sources */ = {isa = PBXBuildFile; fileRef = 4CA5CEEE2AC1BF5B00D1CFBB /* CustomTextFieldExampleApp.swift */; };
		4CA5CEF12AC1BF5B00D1CFBB /* ContentView.swift in Sources */ = {isa = PBXBuildFile; fileRef = 4CA5CEF02AC1BF5B00D1CFBB /* ContentView.swift */; };
		4CA5CEF32AC1BF5C00D1CFBB /* Assets.xcassets in Resources */ = {isa = PBXBuildFile; fileRef = 4CA5CEF22AC1BF5C00D1CFBB /* Assets.xcassets */; };
		4CA5CEF72AC1BF5C00D1CFBB /* Preview Assets.xcassets in Resources */ = {isa = PBXBuildFile; fileRef = 4CA5CEF62AC1BF5C00D1CFBB /* Preview Assets.xcassets */; };
		4CA5CF012AC1BF5C00D1CFBB /* CustomTextFieldExampleTests.swift in Sources */ = {isa = PBXBuildFile; fileRef = 4CA5CF002AC1BF5C00D1CFBB /* CustomTextFieldExampleTests.swift */; };
		4CA5CF0B2AC1BF5C00D1CFBB /* CustomTextFieldExampleUITests.swift in Sources */ = {isa = PBXBuildFile; fileRef = 4CA5CF0A2AC1BF5C00D1CFBB /* CustomTextFieldExampleUITests.swift */; };
		4CA5CF0D2AC1BF5C00D1CFBB /* CustomTextFieldExampleUITestsLaunchTests.swift in Sources */ = {isa = PBXBuildFile; fileRef = 4CA5CF0C2AC1BF5C00D1CFBB /* CustomTextFieldExampleUITestsLaunchTests.swift */; };
		4CA5CF1A2AC1C9B400D1CFBB /* TextFieldState.swift in Sources */ = {isa = PBXBuildFile; fileRef = 4CA5CF192AC1C9B400D1CFBB /* TextFieldState.swift */; };
		4CA5CF1C2AC1D1F700D1CFBB /* Color+Extencions.swift in Sources */ = {isa = PBXBuildFile; fileRef = 4CA5CF1B2AC1D1F700D1CFBB /* Color+Extencions.swift */; };
		4CA5CF1E2AC1D4BE00D1CFBB /* TextFieldType.swift in Sources */ = {isa = PBXBuildFile; fileRef = 4CA5CF1D2AC1D4BE00D1CFBB /* TextFieldType.swift */; };
		4CA5CF202AC320B800D1CFBB /* Modifiers.swift in Sources */ = {isa = PBXBuildFile; fileRef = 4CA5CF1F2AC320B800D1CFBB /* Modifiers.swift */; };
		4CA5CF222AC32CCD00D1CFBB /* TextField+Extencions.swift in Sources */ = {isa = PBXBuildFile; fileRef = 4CA5CF212AC32CCD00D1CFBB /* TextField+Extencions.swift */; };
		4CA5CF282AC46CC200D1CFBB /* Image+Extencion.swift in Sources */ = {isa = PBXBuildFile; fileRef = 4CA5CF272AC46CC200D1CFBB /* Image+Extencion.swift */; };
/* End PBXBuildFile section */

/* Begin PBXContainerItemProxy section */
		4CA5CEFD2AC1BF5C00D1CFBB /* PBXContainerItemProxy */ = {
			isa = PBXContainerItemProxy;
			containerPortal = 4CA5CEE32AC1BF5B00D1CFBB /* Project object */;
			proxyType = 1;
			remoteGlobalIDString = 4CA5CEEA2AC1BF5B00D1CFBB;
			remoteInfo = CustomTextFieldExample;
		};
		4CA5CF072AC1BF5C00D1CFBB /* PBXContainerItemProxy */ = {
			isa = PBXContainerItemProxy;
			containerPortal = 4CA5CEE32AC1BF5B00D1CFBB /* Project object */;
			proxyType = 1;
			remoteGlobalIDString = 4CA5CEEA2AC1BF5B00D1CFBB;
			remoteInfo = CustomTextFieldExample;
		};
/* End PBXContainerItemProxy section */

/* Begin PBXFileReference section */
		4CA5CEEB2AC1BF5B00D1CFBB /* CustomTextFieldExample.app */ = {isa = PBXFileReference; explicitFileType = wrapper.application; includeInIndex = 0; path = CustomTextFieldExample.app; sourceTree = BUILT_PRODUCTS_DIR; };
		4CA5CEEE2AC1BF5B00D1CFBB /* CustomTextFieldExampleApp.swift */ = {isa = PBXFileReference; lastKnownFileType = sourcecode.swift; path = CustomTextFieldExampleApp.swift; sourceTree = "<group>"; };
		4CA5CEF02AC1BF5B00D1CFBB /* ContentView.swift */ = {isa = PBXFileReference; lastKnownFileType = sourcecode.swift; path = ContentView.swift; sourceTree = "<group>"; };
		4CA5CEF22AC1BF5C00D1CFBB /* Assets.xcassets */ = {isa = PBXFileReference; lastKnownFileType = folder.assetcatalog; path = Assets.xcassets; sourceTree = "<group>"; };
		4CA5CEF42AC1BF5C00D1CFBB /* CustomTextFieldExample.entitlements */ = {isa = PBXFileReference; lastKnownFileType = text.plist.entitlements; path = CustomTextFieldExample.entitlements; sourceTree = "<group>"; };
		4CA5CEF62AC1BF5C00D1CFBB /* Preview Assets.xcassets */ = {isa = PBXFileReference; lastKnownFileType = folder.assetcatalog; path = "Preview Assets.xcassets"; sourceTree = "<group>"; };
		4CA5CEFC2AC1BF5C00D1CFBB /* CustomTextFieldExampleTests.xctest */ = {isa = PBXFileReference; explicitFileType = wrapper.cfbundle; includeInIndex = 0; path = CustomTextFieldExampleTests.xctest; sourceTree = BUILT_PRODUCTS_DIR; };
		4CA5CF002AC1BF5C00D1CFBB /* CustomTextFieldExampleTests.swift */ = {isa = PBXFileReference; lastKnownFileType = sourcecode.swift; path = CustomTextFieldExampleTests.swift; sourceTree = "<group>"; };
		4CA5CF062AC1BF5C00D1CFBB /* CustomTextFieldExampleUITests.xctest */ = {isa = PBXFileReference; explicitFileType = wrapper.cfbundle; includeInIndex = 0; path = CustomTextFieldExampleUITests.xctest; sourceTree = BUILT_PRODUCTS_DIR; };
		4CA5CF0A2AC1BF5C00D1CFBB /* CustomTextFieldExampleUITests.swift */ = {isa = PBXFileReference; lastKnownFileType = sourcecode.swift; path = CustomTextFieldExampleUITests.swift; sourceTree = "<group>"; };
		4CA5CF0C2AC1BF5C00D1CFBB /* CustomTextFieldExampleUITestsLaunchTests.swift */ = {isa = PBXFileReference; lastKnownFileType = sourcecode.swift; path = CustomTextFieldExampleUITestsLaunchTests.swift; sourceTree = "<group>"; };
		4CA5CF192AC1C9B400D1CFBB /* TextFieldState.swift */ = {isa = PBXFileReference; lastKnownFileType = sourcecode.swift; path = TextFieldState.swift; sourceTree = "<group>"; };
		4CA5CF1B2AC1D1F700D1CFBB /* Color+Extencions.swift */ = {isa = PBXFileReference; lastKnownFileType = sourcecode.swift; path = "Color+Extencions.swift"; sourceTree = "<group>"; };
		4CA5CF1D2AC1D4BE00D1CFBB /* TextFieldType.swift */ = {isa = PBXFileReference; lastKnownFileType = sourcecode.swift; path = TextFieldType.swift; sourceTree = "<group>"; };
		4CA5CF1F2AC320B800D1CFBB /* Modifiers.swift */ = {isa = PBXFileReference; lastKnownFileType = sourcecode.swift; path = Modifiers.swift; sourceTree = "<group>"; };
		4CA5CF212AC32CCD00D1CFBB /* TextField+Extencions.swift */ = {isa = PBXFileReference; lastKnownFileType = sourcecode.swift; path = "TextField+Extencions.swift"; sourceTree = "<group>"; };
		4CA5CF272AC46CC200D1CFBB /* Image+Extencion.swift */ = {isa = PBXFileReference; lastKnownFileType = sourcecode.swift; path = "Image+Extencion.swift"; sourceTree = "<group>"; };
/* End PBXFileReference section */

/* Begin PBXFrameworksBuildPhase section */
		4CA5CEE82AC1BF5B00D1CFBB /* Frameworks */ = {
			isa = PBXFrameworksBuildPhase;
			buildActionMask = 2147483647;
			files = (
			);
			runOnlyForDeploymentPostprocessing = 0;
		};
		4CA5CEF92AC1BF5C00D1CFBB /* Frameworks */ = {
			isa = PBXFrameworksBuildPhase;
			buildActionMask = 2147483647;
			files = (
			);
			runOnlyForDeploymentPostprocessing = 0;
		};
		4CA5CF032AC1BF5C00D1CFBB /* Frameworks */ = {
			isa = PBXFrameworksBuildPhase;
			buildActionMask = 2147483647;
			files = (
			);
			runOnlyForDeploymentPostprocessing = 0;
		};
/* End PBXFrameworksBuildPhase section */

/* Begin PBXGroup section */
		4CA5CEE22AC1BF5B00D1CFBB = {
			isa = PBXGroup;
			children = (
				4CA5CEED2AC1BF5B00D1CFBB /* CustomTextFieldExample */,
				4CA5CEFF2AC1BF5C00D1CFBB /* CustomTextFieldExampleTests */,
				4CA5CF092AC1BF5C00D1CFBB /* CustomTextFieldExampleUITests */,
				4CA5CEEC2AC1BF5B00D1CFBB /* Products */,
			);
			sourceTree = "<group>";
		};
		4CA5CEEC2AC1BF5B00D1CFBB /* Products */ = {
			isa = PBXGroup;
			children = (
				4CA5CEEB2AC1BF5B00D1CFBB /* CustomTextFieldExample.app */,
				4CA5CEFC2AC1BF5C00D1CFBB /* CustomTextFieldExampleTests.xctest */,
				4CA5CF062AC1BF5C00D1CFBB /* CustomTextFieldExampleUITests.xctest */,
			);
			name = Products;
			sourceTree = "<group>";
		};
		4CA5CEED2AC1BF5B00D1CFBB /* CustomTextFieldExample */ = {
			isa = PBXGroup;
			children = (
				4CA5CEEE2AC1BF5B00D1CFBB /* CustomTextFieldExampleApp.swift */,
				4CA5CEF02AC1BF5B00D1CFBB /* ContentView.swift */,
				4CA5CF272AC46CC200D1CFBB /* Image+Extencion.swift */,
				4CA5CF1F2AC320B800D1CFBB /* Modifiers.swift */,
				4CA5CF212AC32CCD00D1CFBB /* TextField+Extencions.swift */,
				4CA5CF1D2AC1D4BE00D1CFBB /* TextFieldType.swift */,
				4CA5CF192AC1C9B400D1CFBB /* TextFieldState.swift */,
				4CA5CF1B2AC1D1F700D1CFBB /* Color+Extencions.swift */,
				4CA5CEF22AC1BF5C00D1CFBB /* Assets.xcassets */,
				4CA5CEF42AC1BF5C00D1CFBB /* CustomTextFieldExample.entitlements */,
				4CA5CEF52AC1BF5C00D1CFBB /* Preview Content */,
			);
			path = CustomTextFieldExample;
			sourceTree = "<group>";
		};
		4CA5CEF52AC1BF5C00D1CFBB /* Preview Content */ = {
			isa = PBXGroup;
			children = (
				4CA5CEF62AC1BF5C00D1CFBB /* Preview Assets.xcassets */,
			);
			path = "Preview Content";
			sourceTree = "<group>";
		};
		4CA5CEFF2AC1BF5C00D1CFBB /* CustomTextFieldExampleTests */ = {
			isa = PBXGroup;
			children = (
				4CA5CF002AC1BF5C00D1CFBB /* CustomTextFieldExampleTests.swift */,
			);
			path = CustomTextFieldExampleTests;
			sourceTree = "<group>";
		};
		4CA5CF092AC1BF5C00D1CFBB /* CustomTextFieldExampleUITests */ = {
			isa = PBXGroup;
			children = (
				4CA5CF0A2AC1BF5C00D1CFBB /* CustomTextFieldExampleUITests.swift */,
				4CA5CF0C2AC1BF5C00D1CFBB /* CustomTextFieldExampleUITestsLaunchTests.swift */,
			);
			path = CustomTextFieldExampleUITests;
			sourceTree = "<group>";
		};
/* End PBXGroup section */

/* Begin PBXNativeTarget section */
		4CA5CEEA2AC1BF5B00D1CFBB /* CustomTextFieldExample */ = {
			isa = PBXNativeTarget;
			buildConfigurationList = 4CA5CF102AC1BF5C00D1CFBB /* Build configuration list for PBXNativeTarget "CustomTextFieldExample" */;
			buildPhases = (
				4CA5CEE72AC1BF5B00D1CFBB /* Sources */,
				4CA5CEE82AC1BF5B00D1CFBB /* Frameworks */,
				4CA5CEE92AC1BF5B00D1CFBB /* Resources */,
			);
			buildRules = (
			);
			dependencies = (
			);
			name = CustomTextFieldExample;
			productName = CustomTextFieldExample;
			productReference = 4CA5CEEB2AC1BF5B00D1CFBB /* CustomTextFieldExample.app */;
			productType = "com.apple.product-type.application";
		};
		4CA5CEFB2AC1BF5C00D1CFBB /* CustomTextFieldExampleTests */ = {
			isa = PBXNativeTarget;
			buildConfigurationList = 4CA5CF132AC1BF5C00D1CFBB /* Build configuration list for PBXNativeTarget "CustomTextFieldExampleTests" */;
			buildPhases = (
				4CA5CEF82AC1BF5C00D1CFBB /* Sources */,
				4CA5CEF92AC1BF5C00D1CFBB /* Frameworks */,
				4CA5CEFA2AC1BF5C00D1CFBB /* Resources */,
			);
			buildRules = (
			);
			dependencies = (
				4CA5CEFE2AC1BF5C00D1CFBB /* PBXTargetDependency */,
			);
			name = CustomTextFieldExampleTests;
			productName = CustomTextFieldExampleTests;
			productReference = 4CA5CEFC2AC1BF5C00D1CFBB /* CustomTextFieldExampleTests.xctest */;
			productType = "com.apple.product-type.bundle.unit-test";
		};
		4CA5CF052AC1BF5C00D1CFBB /* CustomTextFieldExampleUITests */ = {
			isa = PBXNativeTarget;
			buildConfigurationList = 4CA5CF162AC1BF5C00D1CFBB /* Build configuration list for PBXNativeTarget "CustomTextFieldExampleUITests" */;
			buildPhases = (
				4CA5CF022AC1BF5C00D1CFBB /* Sources */,
				4CA5CF032AC1BF5C00D1CFBB /* Frameworks */,
				4CA5CF042AC1BF5C00D1CFBB /* Resources */,
			);
			buildRules = (
			);
			dependencies = (
				4CA5CF082AC1BF5C00D1CFBB /* PBXTargetDependency */,
			);
			name = CustomTextFieldExampleUITests;
			productName = CustomTextFieldExampleUITests;
			productReference = 4CA5CF062AC1BF5C00D1CFBB /* CustomTextFieldExampleUITests.xctest */;
			productType = "com.apple.product-type.bundle.ui-testing";
		};
/* End PBXNativeTarget section */

/* Begin PBXProject section */
		4CA5CEE32AC1BF5B00D1CFBB /* Project object */ = {
			isa = PBXProject;
			attributes = {
				BuildIndependentTargetsInParallel = 1;
				LastSwiftUpdateCheck = 1430;
				LastUpgradeCheck = 1430;
				TargetAttributes = {
					4CA5CEEA2AC1BF5B00D1CFBB = {
						CreatedOnToolsVersion = 14.3.1;
					};
					4CA5CEFB2AC1BF5C00D1CFBB = {
						CreatedOnToolsVersion = 14.3.1;
						TestTargetID = 4CA5CEEA2AC1BF5B00D1CFBB;
					};
					4CA5CF052AC1BF5C00D1CFBB = {
						CreatedOnToolsVersion = 14.3.1;
						TestTargetID = 4CA5CEEA2AC1BF5B00D1CFBB;
					};
				};
			};
			buildConfigurationList = 4CA5CEE62AC1BF5B00D1CFBB /* Build configuration list for PBXProject "CustomTextFieldExample" */;
			compatibilityVersion = "Xcode 14.0";
			developmentRegion = en;
			hasScannedForEncodings = 0;
			knownRegions = (
				en,
				Base,
			);
			mainGroup = 4CA5CEE22AC1BF5B00D1CFBB;
			productRefGroup = 4CA5CEEC2AC1BF5B00D1CFBB /* Products */;
			projectDirPath = "";
			projectRoot = "";
			targets = (
				4CA5CEEA2AC1BF5B00D1CFBB /* CustomTextFieldExample */,
				4CA5CEFB2AC1BF5C00D1CFBB /* CustomTextFieldExampleTests */,
				4CA5CF052AC1BF5C00D1CFBB /* CustomTextFieldExampleUITests */,
			);
		};
/* End PBXProject section */

/* Begin PBXResourcesBuildPhase section */
		4CA5CEE92AC1BF5B00D1CFBB /* Resources */ = {
			isa = PBXResourcesBuildPhase;
			buildActionMask = 2147483647;
			files = (
				4CA5CEF72AC1BF5C00D1CFBB /* Preview Assets.xcassets in Resources */,
				4CA5CEF32AC1BF5C00D1CFBB /* Assets.xcassets in Resources */,
			);
			runOnlyForDeploymentPostprocessing = 0;
		};
		4CA5CEFA2AC1BF5C00D1CFBB /* Resources */ = {
			isa = PBXResourcesBuildPhase;
			buildActionMask = 2147483647;
			files = (
			);
			runOnlyForDeploymentPostprocessing = 0;
		};
		4CA5CF042AC1BF5C00D1CFBB /* Resources */ = {
			isa = PBXResourcesBuildPhase;
			buildActionMask = 2147483647;
			files = (
			);
			runOnlyForDeploymentPostprocessing = 0;
		};
/* End PBXResourcesBuildPhase section */

/* Begin PBXSourcesBuildPhase section */
		4CA5CEE72AC1BF5B00D1CFBB /* Sources */ = {
			isa = PBXSourcesBuildPhase;
			buildActionMask = 2147483647;
			files = (
				4CA5CF222AC32CCD00D1CFBB /* TextField+Extencions.swift in Sources */,
				4CA5CEF12AC1BF5B00D1CFBB /* ContentView.swift in Sources */,
				4CA5CEEF2AC1BF5B00D1CFBB /* CustomTextFieldExampleApp.swift in Sources */,
				4CA5CF1A2AC1C9B400D1CFBB /* TextFieldState.swift in Sources */,
				4CA5CF1E2AC1D4BE00D1CFBB /* TextFieldType.swift in Sources */,
				4CA5CF282AC46CC200D1CFBB /* Image+Extencion.swift in Sources */,
				4CA5CF202AC320B800D1CFBB /* Modifiers.swift in Sources */,
				4CA5CF1C2AC1D1F700D1CFBB /* Color+Extencions.swift in Sources */,
			);
			runOnlyForDeploymentPostprocessing = 0;
		};
		4CA5CEF82AC1BF5C00D1CFBB /* Sources */ = {
			isa = PBXSourcesBuildPhase;
			buildActionMask = 2147483647;
			files = (
				4CA5CF012AC1BF5C00D1CFBB /* CustomTextFieldExampleTests.swift in Sources */,
			);
			runOnlyForDeploymentPostprocessing = 0;
		};
		4CA5CF022AC1BF5C00D1CFBB /* Sources */ = {
			isa = PBXSourcesBuildPhase;
			buildActionMask = 2147483647;
			files = (
				4CA5CF0D2AC1BF5C00D1CFBB /* CustomTextFieldExampleUITestsLaunchTests.swift in Sources */,
				4CA5CF0B2AC1BF5C00D1CFBB /* CustomTextFieldExampleUITests.swift in Sources */,
			);
			runOnlyForDeploymentPostprocessing = 0;
		};
/* End PBXSourcesBuildPhase section */

/* Begin PBXTargetDependency section */
		4CA5CEFE2AC1BF5C00D1CFBB /* PBXTargetDependency */ = {
			isa = PBXTargetDependency;
			target = 4CA5CEEA2AC1BF5B00D1CFBB /* CustomTextFieldExample */;
			targetProxy = 4CA5CEFD2AC1BF5C00D1CFBB /* PBXContainerItemProxy */;
		};
		4CA5CF082AC1BF5C00D1CFBB /* PBXTargetDependency */ = {
			isa = PBXTargetDependency;
			target = 4CA5CEEA2AC1BF5B00D1CFBB /* CustomTextFieldExample */;
			targetProxy = 4CA5CF072AC1BF5C00D1CFBB /* PBXContainerItemProxy */;
		};
/* End PBXTargetDependency section */

/* Begin XCBuildConfiguration section */
		4CA5CF0E2AC1BF5C00D1CFBB /* Debug */ = {
			isa = XCBuildConfiguration;
			buildSettings = {
				ALWAYS_SEARCH_USER_PATHS = NO;
				CLANG_ANALYZER_NONNULL = YES;
				CLANG_ANALYZER_NUMBER_OBJECT_CONVERSION = YES_AGGRESSIVE;
				CLANG_CXX_LANGUAGE_STANDARD = "gnu++20";
				CLANG_ENABLE_MODULES = YES;
				CLANG_ENABLE_OBJC_ARC = YES;
				CLANG_ENABLE_OBJC_WEAK = YES;
				CLANG_WARN_BLOCK_CAPTURE_AUTORELEASING = YES;
				CLANG_WARN_BOOL_CONVERSION = YES;
				CLANG_WARN_COMMA = YES;
				CLANG_WARN_CONSTANT_CONVERSION = YES;
				CLANG_WARN_DEPRECATED_OBJC_IMPLEMENTATIONS = YES;
				CLANG_WARN_DIRECT_OBJC_ISA_USAGE = YES_ERROR;
				CLANG_WARN_DOCUMENTATION_COMMENTS = YES;
				CLANG_WARN_EMPTY_BODY = YES;
				CLANG_WARN_ENUM_CONVERSION = YES;
				CLANG_WARN_INFINITE_RECURSION = YES;
				CLANG_WARN_INT_CONVERSION = YES;
				CLANG_WARN_NON_LITERAL_NULL_CONVERSION = YES;
				CLANG_WARN_OBJC_IMPLICIT_RETAIN_SELF = YES;
				CLANG_WARN_OBJC_LITERAL_CONVERSION = YES;
				CLANG_WARN_OBJC_ROOT_CLASS = YES_ERROR;
				CLANG_WARN_QUOTED_INCLUDE_IN_FRAMEWORK_HEADER = YES;
				CLANG_WARN_RANGE_LOOP_ANALYSIS = YES;
				CLANG_WARN_STRICT_PROTOTYPES = YES;
				CLANG_WARN_SUSPICIOUS_MOVE = YES;
				CLANG_WARN_UNGUARDED_AVAILABILITY = YES_AGGRESSIVE;
				CLANG_WARN_UNREACHABLE_CODE = YES;
				CLANG_WARN__DUPLICATE_METHOD_MATCH = YES;
				COPY_PHASE_STRIP = NO;
				DEBUG_INFORMATION_FORMAT = dwarf;
				ENABLE_STRICT_OBJC_MSGSEND = YES;
				ENABLE_TESTABILITY = YES;
				GCC_C_LANGUAGE_STANDARD = gnu11;
				GCC_DYNAMIC_NO_PIC = NO;
				GCC_NO_COMMON_BLOCKS = YES;
				GCC_OPTIMIZATION_LEVEL = 0;
				GCC_PREPROCESSOR_DEFINITIONS = (
					"DEBUG=1",
					"$(inherited)",
				);
				GCC_WARN_64_TO_32_BIT_CONVERSION = YES;
				GCC_WARN_ABOUT_RETURN_TYPE = YES_ERROR;
				GCC_WARN_UNDECLARED_SELECTOR = YES;
				GCC_WARN_UNINITIALIZED_AUTOS = YES_AGGRESSIVE;
				GCC_WARN_UNUSED_FUNCTION = YES;
				GCC_WARN_UNUSED_VARIABLE = YES;
				MTL_ENABLE_DEBUG_INFO = INCLUDE_SOURCE;
				MTL_FAST_MATH = YES;
				ONLY_ACTIVE_ARCH = YES;
				SWIFT_ACTIVE_COMPILATION_CONDITIONS = DEBUG;
				SWIFT_OPTIMIZATION_LEVEL = "-Onone";
			};
			name = Debug;
		};
		4CA5CF0F2AC1BF5C00D1CFBB /* Release */ = {
			isa = XCBuildConfiguration;
			buildSettings = {
				ALWAYS_SEARCH_USER_PATHS = NO;
				CLANG_ANALYZER_NONNULL = YES;
				CLANG_ANALYZER_NUMBER_OBJECT_CONVERSION = YES_AGGRESSIVE;
				CLANG_CXX_LANGUAGE_STANDARD = "gnu++20";
				CLANG_ENABLE_MODULES = YES;
				CLANG_ENABLE_OBJC_ARC = YES;
				CLANG_ENABLE_OBJC_WEAK = YES;
				CLANG_WARN_BLOCK_CAPTURE_AUTORELEASING = YES;
				CLANG_WARN_BOOL_CONVERSION = YES;
				CLANG_WARN_COMMA = YES;
				CLANG_WARN_CONSTANT_CONVERSION = YES;
				CLANG_WARN_DEPRECATED_OBJC_IMPLEMENTATIONS = YES;
				CLANG_WARN_DIRECT_OBJC_ISA_USAGE = YES_ERROR;
				CLANG_WARN_DOCUMENTATION_COMMENTS = YES;
				CLANG_WARN_EMPTY_BODY = YES;
				CLANG_WARN_ENUM_CONVERSION = YES;
				CLANG_WARN_INFINITE_RECURSION = YES;
				CLANG_WARN_INT_CONVERSION = YES;
				CLANG_WARN_NON_LITERAL_NULL_CONVERSION = YES;
				CLANG_WARN_OBJC_IMPLICIT_RETAIN_SELF = YES;
				CLANG_WARN_OBJC_LITERAL_CONVERSION = YES;
				CLANG_WARN_OBJC_ROOT_CLASS = YES_ERROR;
				CLANG_WARN_QUOTED_INCLUDE_IN_FRAMEWORK_HEADER = YES;
				CLANG_WARN_RANGE_LOOP_ANALYSIS = YES;
				CLANG_WARN_STRICT_PROTOTYPES = YES;
				CLANG_WARN_SUSPICIOUS_MOVE = YES;
				CLANG_WARN_UNGUARDED_AVAILABILITY = YES_AGGRESSIVE;
				CLANG_WARN_UNREACHABLE_CODE = YES;
				CLANG_WARN__DUPLICATE_METHOD_MATCH = YES;
				COPY_PHASE_STRIP = NO;
				DEBUG_INFORMATION_FORMAT = "dwarf-with-dsym";
				ENABLE_NS_ASSERTIONS = NO;
				ENABLE_STRICT_OBJC_MSGSEND = YES;
				GCC_C_LANGUAGE_STANDARD = gnu11;
				GCC_NO_COMMON_BLOCKS = YES;
				GCC_WARN_64_TO_32_BIT_CONVERSION = YES;
				GCC_WARN_ABOUT_RETURN_TYPE = YES_ERROR;
				GCC_WARN_UNDECLARED_SELECTOR = YES;
				GCC_WARN_UNINITIALIZED_AUTOS = YES_AGGRESSIVE;
				GCC_WARN_UNUSED_FUNCTION = YES;
				GCC_WARN_UNUSED_VARIABLE = YES;
				MTL_ENABLE_DEBUG_INFO = NO;
				MTL_FAST_MATH = YES;
				SWIFT_COMPILATION_MODE = wholemodule;
				SWIFT_OPTIMIZATION_LEVEL = "-O";
			};
			name = Release;
		};
		4CA5CF112AC1BF5C00D1CFBB /* Debug */ = {
			isa = XCBuildConfiguration;
			buildSettings = {
				ASSETCATALOG_COMPILER_APPICON_NAME = AppIcon;
				ASSETCATALOG_COMPILER_GLOBAL_ACCENT_COLOR_NAME = AccentColor;
				CODE_SIGN_ENTITLEMENTS = CustomTextFieldExample/CustomTextFieldExample.entitlements;
				CODE_SIGN_STYLE = Automatic;
				CURRENT_PROJECT_VERSION = 1;
				DEVELOPMENT_ASSET_PATHS = "\"CustomTextFieldExample/Preview Content\"";
				DEVELOPMENT_TEAM = LF8758JF94;
				ENABLE_HARDENED_RUNTIME = YES;
				ENABLE_PREVIEWS = YES;
				GENERATE_INFOPLIST_FILE = YES;
				"INFOPLIST_KEY_UIApplicationSceneManifest_Generation[sdk=iphoneos*]" = YES;
				"INFOPLIST_KEY_UIApplicationSceneManifest_Generation[sdk=iphonesimulator*]" = YES;
				"INFOPLIST_KEY_UIApplicationSupportsIndirectInputEvents[sdk=iphoneos*]" = YES;
				"INFOPLIST_KEY_UIApplicationSupportsIndirectInputEvents[sdk=iphonesimulator*]" = YES;
				"INFOPLIST_KEY_UILaunchScreen_Generation[sdk=iphoneos*]" = YES;
				"INFOPLIST_KEY_UILaunchScreen_Generation[sdk=iphonesimulator*]" = YES;
				"INFOPLIST_KEY_UIStatusBarStyle[sdk=iphoneos*]" = UIStatusBarStyleDefault;
				"INFOPLIST_KEY_UIStatusBarStyle[sdk=iphonesimulator*]" = UIStatusBarStyleDefault;
				INFOPLIST_KEY_UISupportedInterfaceOrientations_iPad = "UIInterfaceOrientationPortrait UIInterfaceOrientationPortraitUpsideDown UIInterfaceOrientationLandscapeLeft UIInterfaceOrientationLandscapeRight";
				INFOPLIST_KEY_UISupportedInterfaceOrientations_iPhone = "UIInterfaceOrientationPortrait UIInterfaceOrientationLandscapeLeft UIInterfaceOrientationLandscapeRight";
				IPHONEOS_DEPLOYMENT_TARGET = 16.4;
				LD_RUNPATH_SEARCH_PATHS = "@executable_path/Frameworks";
				"LD_RUNPATH_SEARCH_PATHS[sdk=macosx*]" = "@executable_path/../Frameworks";
				MACOSX_DEPLOYMENT_TARGET = 13.3;
				MARKETING_VERSION = 1.0;
				PRODUCT_BUNDLE_IDENTIFIER = com.maryc..CustomTextFieldExample;
				PRODUCT_NAME = "$(TARGET_NAME)";
				SDKROOT = auto;
				SUPPORTED_PLATFORMS = "iphoneos iphonesimulator macosx";
				SWIFT_EMIT_LOC_STRINGS = YES;
				SWIFT_VERSION = 5.0;
				TARGETED_DEVICE_FAMILY = "1,2";
			};
			name = Debug;
		};
		4CA5CF122AC1BF5C00D1CFBB /* Release */ = {
			isa = XCBuildConfiguration;
			buildSettings = {
				ASSETCATALOG_COMPILER_APPICON_NAME = AppIcon;
				ASSETCATALOG_COMPILER_GLOBAL_ACCENT_COLOR_NAME = AccentColor;
				CODE_SIGN_ENTITLEMENTS = CustomTextFieldExample/CustomTextFieldExample.entitlements;
				CODE_SIGN_STYLE = Automatic;
				CURRENT_PROJECT_VERSION = 1;
				DEVELOPMENT_ASSET_PATHS = "\"CustomTextFieldExample/Preview Content\"";
				DEVELOPMENT_TEAM = LF8758JF94;
				ENABLE_HARDENED_RUNTIME = YES;
				ENABLE_PREVIEWS = YES;
				GENERATE_INFOPLIST_FILE = YES;
				"INFOPLIST_KEY_UIApplicationSceneManifest_Generation[sdk=iphoneos*]" = YES;
				"INFOPLIST_KEY_UIApplicationSceneManifest_Generation[sdk=iphonesimulator*]" = YES;
				"INFOPLIST_KEY_UIApplicationSupportsIndirectInputEvents[sdk=iphoneos*]" = YES;
				"INFOPLIST_KEY_UIApplicationSupportsIndirectInputEvents[sdk=iphonesimulator*]" = YES;
				"INFOPLIST_KEY_UILaunchScreen_Generation[sdk=iphoneos*]" = YES;
				"INFOPLIST_KEY_UILaunchScreen_Generation[sdk=iphonesimulator*]" = YES;
				"INFOPLIST_KEY_UIStatusBarStyle[sdk=iphoneos*]" = UIStatusBarStyleDefault;
				"INFOPLIST_KEY_UIStatusBarStyle[sdk=iphonesimulator*]" = UIStatusBarStyleDefault;
				INFOPLIST_KEY_UISupportedInterfaceOrientations_iPad = "UIInterfaceOrientationPortrait UIInterfaceOrientationPortraitUpsideDown UIInterfaceOrientationLandscapeLeft UIInterfaceOrientationLandscapeRight";
				INFOPLIST_KEY_UISupportedInterfaceOrientations_iPhone = "UIInterfaceOrientationPortrait UIInterfaceOrientationLandscapeLeft UIInterfaceOrientationLandscapeRight";
				IPHONEOS_DEPLOYMENT_TARGET = 16.4;
				LD_RUNPATH_SEARCH_PATHS = "@executable_path/Frameworks";
				"LD_RUNPATH_SEARCH_PATHS[sdk=macosx*]" = "@executable_path/../Frameworks";
				MACOSX_DEPLOYMENT_TARGET = 13.3;
				MARKETING_VERSION = 1.0;
				PRODUCT_BUNDLE_IDENTIFIER = com.maryc..CustomTextFieldExample;
				PRODUCT_NAME = "$(TARGET_NAME)";
				SDKROOT = auto;
				SUPPORTED_PLATFORMS = "iphoneos iphonesimulator macosx";
				SWIFT_EMIT_LOC_STRINGS = YES;
				SWIFT_VERSION = 5.0;
				TARGETED_DEVICE_FAMILY = "1,2";
			};
			name = Release;
		};
		4CA5CF142AC1BF5C00D1CFBB /* Debug */ = {
			isa = XCBuildConfiguration;
			buildSettings = {
				ALWAYS_EMBED_SWIFT_STANDARD_LIBRARIES = YES;
				BUNDLE_LOADER = "$(TEST_HOST)";
				CODE_SIGN_STYLE = Automatic;
				CURRENT_PROJECT_VERSION = 1;
				DEVELOPMENT_TEAM = LF8758JF94;
				GENERATE_INFOPLIST_FILE = YES;
				IPHONEOS_DEPLOYMENT_TARGET = 16.4;
				MACOSX_DEPLOYMENT_TARGET = 13.3;
				MARKETING_VERSION = 1.0;
				PRODUCT_BUNDLE_IDENTIFIER = com.maryc..CustomTextFieldExampleTests;
				PRODUCT_NAME = "$(TARGET_NAME)";
				SDKROOT = auto;
				SUPPORTED_PLATFORMS = "iphoneos iphonesimulator macosx";
				SWIFT_EMIT_LOC_STRINGS = NO;
				SWIFT_VERSION = 5.0;
				TARGETED_DEVICE_FAMILY = "1,2";
				TEST_HOST = "$(BUILT_PRODUCTS_DIR)/CustomTextFieldExample.app/$(BUNDLE_EXECUTABLE_FOLDER_PATH)/CustomTextFieldExample";
			};
			name = Debug;
		};
		4CA5CF152AC1BF5C00D1CFBB /* Release */ = {
			isa = XCBuildConfiguration;
			buildSettings = {
				ALWAYS_EMBED_SWIFT_STANDARD_LIBRARIES = YES;
				BUNDLE_LOADER = "$(TEST_HOST)";
				CODE_SIGN_STYLE = Automatic;
				CURRENT_PROJECT_VERSION = 1;
				DEVELOPMENT_TEAM = LF8758JF94;
				GENERATE_INFOPLIST_FILE = YES;
				IPHONEOS_DEPLOYMENT_TARGET = 16.4;
				MACOSX_DEPLOYMENT_TARGET = 13.3;
				MARKETING_VERSION = 1.0;
				PRODUCT_BUNDLE_IDENTIFIER = com.maryc..CustomTextFieldExampleTests;
				PRODUCT_NAME = "$(TARGET_NAME)";
				SDKROOT = auto;
				SUPPORTED_PLATFORMS = "iphoneos iphonesimulator macosx";
				SWIFT_EMIT_LOC_STRINGS = NO;
				SWIFT_VERSION = 5.0;
				TARGETED_DEVICE_FAMILY = "1,2";
				TEST_HOST = "$(BUILT_PRODUCTS_DIR)/CustomTextFieldExample.app/$(BUNDLE_EXECUTABLE_FOLDER_PATH)/CustomTextFieldExample";
			};
			name = Release;
		};
		4CA5CF172AC1BF5C00D1CFBB /* Debug */ = {
			isa = XCBuildConfiguration;
			buildSettings = {
				ALWAYS_EMBED_SWIFT_STANDARD_LIBRARIES = YES;
				CODE_SIGN_STYLE = Automatic;
				CURRENT_PROJECT_VERSION = 1;
				DEVELOPMENT_TEAM = LF8758JF94;
				GENERATE_INFOPLIST_FILE = YES;
				IPHONEOS_DEPLOYMENT_TARGET = 16.4;
				MACOSX_DEPLOYMENT_TARGET = 13.3;
				MARKETING_VERSION = 1.0;
				PRODUCT_BUNDLE_IDENTIFIER = com.maryc..CustomTextFieldExampleUITests;
				PRODUCT_NAME = "$(TARGET_NAME)";
				SDKROOT = auto;
				SUPPORTED_PLATFORMS = "iphoneos iphonesimulator macosx";
				SWIFT_EMIT_LOC_STRINGS = NO;
				SWIFT_VERSION = 5.0;
				TARGETED_DEVICE_FAMILY = "1,2";
				TEST_TARGET_NAME = CustomTextFieldExample;
			};
			name = Debug;
		};
		4CA5CF182AC1BF5C00D1CFBB /* Release */ = {
			isa = XCBuildConfiguration;
			buildSettings = {
				ALWAYS_EMBED_SWIFT_STANDARD_LIBRARIES = YES;
				CODE_SIGN_STYLE = Automatic;
				CURRENT_PROJECT_VERSION = 1;
				DEVELOPMENT_TEAM = LF8758JF94;
				GENERATE_INFOPLIST_FILE = YES;
				IPHONEOS_DEPLOYMENT_TARGET = 16.4;
				MACOSX_DEPLOYMENT_TARGET = 13.3;
				MARKETING_VERSION = 1.0;
				PRODUCT_BUNDLE_IDENTIFIER = com.maryc..CustomTextFieldExampleUITests;
				PRODUCT_NAME = "$(TARGET_NAME)";
				SDKROOT = auto;
				SUPPORTED_PLATFORMS = "iphoneos iphonesimulator macosx";
				SWIFT_EMIT_LOC_STRINGS = NO;
				SWIFT_VERSION = 5.0;
				TARGETED_DEVICE_FAMILY = "1,2";
				TEST_TARGET_NAME = CustomTextFieldExample;
			};
			name = Release;
		};
/* End XCBuildConfiguration section */

/* Begin XCConfigurationList section */
		4CA5CEE62AC1BF5B00D1CFBB /* Build configuration list for PBXProject "CustomTextFieldExample" */ = {
			isa = XCConfigurationList;
			buildConfigurations = (
				4CA5CF0E2AC1BF5C00D1CFBB /* Debug */,
				4CA5CF0F2AC1BF5C00D1CFBB /* Release */,
			);
			defaultConfigurationIsVisible = 0;
			defaultConfigurationName = Release;
		};
		4CA5CF102AC1BF5C00D1CFBB /* Build configuration list for PBXNativeTarget "CustomTextFieldExample" */ = {
			isa = XCConfigurationList;
			buildConfigurations = (
				4CA5CF112AC1BF5C00D1CFBB /* Debug */,
				4CA5CF122AC1BF5C00D1CFBB /* Release */,
			);
			defaultConfigurationIsVisible = 0;
			defaultConfigurationName = Release;
		};
		4CA5CF132AC1BF5C00D1CFBB /* Build configuration list for PBXNativeTarget "CustomTextFieldExampleTests" */ = {
			isa = XCConfigurationList;
			buildConfigurations = (
				4CA5CF142AC1BF5C00D1CFBB /* Debug */,
				4CA5CF152AC1BF5C00D1CFBB /* Release */,
			);
			defaultConfigurationIsVisible = 0;
			defaultConfigurationName = Release;
		};
		4CA5CF162AC1BF5C00D1CFBB /* Build configuration list for PBXNativeTarget "CustomTextFieldExampleUITests" */ = {
			isa = XCConfigurationList;
			buildConfigurations = (
				4CA5CF172AC1BF5C00D1CFBB /* Debug */,
				4CA5CF182AC1BF5C00D1CFBB /* Release */,
			);
			defaultConfigurationIsVisible = 0;
			defaultConfigurationName = Release;
		};
/* End XCConfigurationList section */
	};
	rootObject = 4CA5CEE32AC1BF5B00D1CFBB /* Project object */;
}
